
Microsoft Visual Studio Solution File, Format Version 12.00
# Visual Studio Version 17
VisualStudioVersion = 17.5.33424.131
MinimumVisualStudioVersion = 10.0.40219.1
Project("{8BC9CEB8-8B4A-11D0-8D11-00A0C91BC942}") = "ITSA_9", "ITSA_9\ITSA_9.vcxproj", "{4DA3D09F-2028-4E3D-BD97-3228D6F30809}"
EndProject
Global
	GlobalSection(SolutionConfigurationPlatforms) = preSolution
		Debug|x64 = Debug|x64
		Debug|x86 = Debug|x86
		Release|x64 = Release|x64
		Release|x86 = Release|x86
	EndGlobalSection
	GlobalSection(ProjectConfigurationPlatforms) = postSolution
		{4DA3D09F-2028-4E3D-BD97-3228D6F30809}.Debug|x64.ActiveCfg = Debug|x64
		{4DA3D09F-2028-4E3D-BD97-3228D6F30809}.Debug|x64.Build.0 = Debug|x64
		{4DA3D09F-2028-4E3D-BD97-3228D6F30809}.Debug|x86.ActiveCfg = Debug|Win32
		{4DA3D09F-2028-4E3D-BD97-3228D6F30809}.Debug|x86.Build.0 = Debug|Win32
		{4DA3D09F-2028-4E3D-BD97-3228D6F30809}.Release|x64.ActiveCfg = Release|x64
		{4DA3D09F-2028-4E3D-BD97-3228D6F30809}.Release|x64.Build.0 = Release|x64
		{4DA3D09F-2028-4E3D-BD97-3228D6F30809}.Release|x86.ActiveCfg = Release|Win32
		{4DA3D09F-2028-4E3D-BD97-3228D6F30809}.Release|x86.Build.0 = Release|Win32
	EndGlobalSection
	GlobalSection(SolutionProperties) = preSolution
		HideSolutionNode = FALSE
	EndGlobalSection
	GlobalSection(ExtensibilityGlobals) = postSolution
		SolutionGuid = {6BAA06D2-DBFD-499A-B42F-20A02CBA0497}
	EndGlobalSection
EndGlobal
